
Microsoft Visual Studio Solution File, Format Version 12.00
# Visual Studio Version 17
VisualStudioVersion = 17.9.34701.34
MinimumVisualStudioVersion = 10.0.40219.1
Project("{FAE04EC0-301F-11D3-BF4B-00C04F79EFBC}") = "lol_auto_accept", "lol_auto_accept\lol_auto_accept.csproj", "{7DEFDD86-45C3-4BE3-8F36-199B8D7DE728}"
EndProject
Project("{2150E333-8FDC-42A3-9474-1A3956D46DE8}") = "Solution Items", "Solution Items", "{C2D22FE0-0F83-4A2D-B725-BFB81B2694EC}"
	ProjectSection(SolutionItems) = preProject
		README.md = README.md
	EndProjectSection
EndProject
Global
	GlobalSection(SolutionConfigurationPlatforms) = preSolution
		Debug|Any CPU = Debug|Any CPU
		Release|Any CPU = Release|Any CPU
	EndGlobalSection
	GlobalSection(ProjectConfigurationPlatforms) = postSolution
		{7DEFDD86-45C3-4BE3-8F36-199B8D7DE728}.Debug|Any CPU.ActiveCfg = Debug|Any CPU
		{7DEFDD86-45C3-4BE3-8F36-199B8D7DE728}.Debug|Any CPU.Build.0 = Debug|Any CPU
		{7DEFDD86-45C3-4BE3-8F36-199B8D7DE728}.Release|Any CPU.ActiveCfg = Release|Any CPU
		{7DEFDD86-45C3-4BE3-8F36-199B8D7DE728}.Release|Any CPU.Build.0 = Release|Any CPU
	EndGlobalSection
	GlobalSection(SolutionProperties) = preSolution
		HideSolutionNode = FALSE
	EndGlobalSection
	GlobalSection(ExtensibilityGlobals) = postSolution
		SolutionGuid = {245CCA45-70B5-4AB1-B1C1-99C022B9A8DA}
	EndGlobalSection
EndGlobal
